
Microsoft Visual Studio Solution File, Format Version 12.00
# Visual Studio Version 17
VisualStudioVersion = 17.3.32922.545
MinimumVisualStudioVersion = 10.0.40219.1
Project("{FAE04EC0-301F-11D3-BF4B-00C04F79EFBC}") = "Projeto_Sistema", "Projeto_Sistema\Projeto_Sistema.csproj", "{DA966546-ACAF-43F3-9A6C-0A5F73B4E39B}"
EndProject
Global
	GlobalSection(SolutionConfigurationPlatforms) = preSolution
		Debug|Any CPU = Debug|Any CPU
		Debug|x64 = Debug|x64
		Release|Any CPU = Release|Any CPU
		Release|x64 = Release|x64
	EndGlobalSection
	GlobalSection(ProjectConfigurationPlatforms) = postSolution
		{DA966546-ACAF-43F3-9A6C-0A5F73B4E39B}.Debug|Any CPU.ActiveCfg = Debug|Any CPU
		{DA966546-ACAF-43F3-9A6C-0A5F73B4E39B}.Debug|Any CPU.Build.0 = Debug|Any CPU
		{DA966546-ACAF-43F3-9A6C-0A5F73B4E39B}.Debug|x64.ActiveCfg = Debug|Any CPU
		{DA966546-ACAF-43F3-9A6C-0A5F73B4E39B}.Debug|x64.Build.0 = Debug|Any CPU
		{DA966546-ACAF-43F3-9A6C-0A5F73B4E39B}.Release|Any CPU.ActiveCfg = Release|Any CPU
		{DA966546-ACAF-43F3-9A6C-0A5F73B4E39B}.Release|Any CPU.Build.0 = Release|Any CPU
		{DA966546-ACAF-43F3-9A6C-0A5F73B4E39B}.Release|x64.ActiveCfg = Release|x64
		{DA966546-ACAF-43F3-9A6C-0A5F73B4E39B}.Release|x64.Build.0 = Release|x64
	EndGlobalSection
	GlobalSection(SolutionProperties) = preSolution
		HideSolutionNode = FALSE
	EndGlobalSection
	GlobalSection(ExtensibilityGlobals) = postSolution
		SolutionGuid = {732027C2-B537-4DB6-BA1F-6FBF8C3ABE30}
	EndGlobalSection
EndGlobal
